<?xml version="1.0" encoding="utf-8"?>
<Project ToolsVersion="14.0" xmlns="http://schemas.microsoft.com/developer/msbuild/2003">
  <ItemGroup>
    <None Include="charts\qmldir" />
    <None Include="charts\qml\ChartsPanel.qml">
      <Filter>qml</Filter>
    </None>
    <None Include="charts\qml\ChartPane.qml">
      <Filter>qml</Filter>
    </None>
    <None Include="charts\qml\DataseriesList.qml">
      <Filter>qml</Filter>
    </None>
    <None Include="charts\qml\DataseriesOperationList.qml">
      <Filter>qml</Filter>
    </None>
    <None Include="charts\qml\ChartManagement.qml">
      <Filter>qml</Filter>
    </None>
    <None Include="charts\qml\setseriescolor.qml">
      <Filter>qml\PropertForms</Filter>
    </None>
    <None Include="charts\qml\DataseriesOperate.qml">
      <Filter>qml</Filter>
    </None>
    <None Include="charts\qml\SetChartType.qml">
      <Filter>qml\PropertForms</Filter>
    </None>
    <None Include="charts\qml\MinimalChartPane.qml">
      <Filter>qml</Filter>
    </None>
    <None Include="charts\qml\SetYAxisRange.qml">
      <Filter>qml\PropertForms</Filter>
    </None>
    <None Include="charts\qml\SetLegendProperties.qml">
      <Filter>qml\PropertForms</Filter>
    </None>
    <None Include="charts\qml\RemoveDataSeries.qml">
      <Filter>qml\PropertForms</Filter>
    </None>
    <None Include="charts\qml\ChartToolBar.qml">
      <Filter>qml</Filter>
    </None>
    <None Include="charts\qml\HistogramSelection.qml">
      <Filter>qml\PropertForms</Filter>
    </None>
    <None Include="charts\qml\HistogramInteractiveSlicing.qml">
      <Filter>qml\PropertForms</Filter>
    </None>
    <None Include="charts\qml\HistogramBounds.qml">
      <Filter>qml\PropertForms</Filter>
    </None>
    <None Include="charts\qml\HistogramShift.qml">
      <Filter>qml\PropertForms</Filter>
    </None>
  </ItemGroup>
  <ItemGroup>
    <Filter Include="Source Files">
      <UniqueIdentifier>{4FC737F1-C7A5-4376-A066-2A32D752A2FF}</UniqueIdentifier>
      <Extensions>cpp;c;cc;cxx;def;odl;idl;hpj;bat;asm;asmx</Extensions>
      <ParseFiles>true</ParseFiles>
    </Filter>
    <Filter Include="Header Files">
      <UniqueIdentifier>{93995380-89BD-4b04-88EB-625FBE52EBFB}</UniqueIdentifier>
      <Extensions>h;hh;hpp;hxx;hm;inl;inc;xsd</Extensions>
      <ParseFiles>true</ParseFiles>
    </Filter>
    <Filter Include="Generated Files">
      <UniqueIdentifier>{71ED8ED8-ACB9-4CE9-BBE1-E00B30144E11}</UniqueIdentifier>
      <Extensions>moc;h;cpp</Extensions>
      <ParseFiles>true</ParseFiles>
    </Filter>
    <Filter Include="Generated Files\Debug">
      <UniqueIdentifier>{8b4fbb82-fbec-4133-89f1-dea3325cf6fd}</UniqueIdentifier>
      <Extensions>cpp;moc</Extensions>
      <SourceControlFiles>False</SourceControlFiles>
    </Filter>
    <Filter Include="Generated Files\Release">
      <UniqueIdentifier>{953c1c80-4f96-4cd3-8d00-809b21d61ac2}</UniqueIdentifier>
      <Extensions>cpp;moc</Extensions>
      <SourceControlFiles>False</SourceControlFiles>
    </Filter>
    <Filter Include="qml">
      <UniqueIdentifier>{ec659994-af9c-4491-ad63-28fb8e6ac780}</UniqueIdentifier>
    </Filter>
    <Filter Include="Header Files\PropertyForms">
      <UniqueIdentifier>{b86ac3f3-a14b-4c94-9af4-9f8e44ec8a33}</UniqueIdentifier>
    </Filter>
    <Filter Include="Source Files\PropertyForms">
      <UniqueIdentifier>{1644ea06-aaf2-49d7-84c1-80f9b899434c}</UniqueIdentifier>
    </Filter>
    <Filter Include="qml\PropertForms">
      <UniqueIdentifier>{2520d37d-6569-421b-a088-ef60c1df135a}</UniqueIdentifier>
    </Filter>
  </ItemGroup>
  <ItemGroup>
    <ClCompile Include="charts\ilwischarts_plugin.cpp">
      <Filter>Source Files</Filter>
    </ClCompile>
    <ClCompile Include="charts\createchart.cpp">
      <Filter>Source Files</Filter>
    </ClCompile>
    <ClCompile Include="charts\addchartseries.cpp">
      <Filter>Source Files</Filter>
    </ClCompile>
    <ClCompile Include="charts\chartseriescolor.cpp">
      <Filter>Source Files</Filter>
    </ClCompile>
    <ClCompile Include="charts\updatechart.cpp">
      <Filter>Source Files</Filter>
    </ClCompile>
    <ClCompile Include="charts\setseriescolor.cpp">
      <Filter>Source Files\PropertyForms</Filter>
    </ClCompile>
    <ClCompile Include="GeneratedFiles\Debug\moc_SetSeriesColor.cpp">
      <Filter>Generated Files\Debug</Filter>
    </ClCompile>
    <ClCompile Include="GeneratedFiles\Release\moc_SetSeriesColor.cpp">
      <Filter>Generated Files\Release</Filter>
    </ClCompile>
    <ClCompile Include="charts\chartdataseriestype.cpp">
      <Filter>Source Files</Filter>
    </ClCompile>
    <ClCompile Include="charts\setseriestype.cpp">
      <Filter>Source Files\PropertyForms</Filter>
    </ClCompile>
    <ClCompile Include="charts\chartyaxisnumrange.cpp">
      <Filter>Source Files</Filter>
    </ClCompile>
    <ClCompile Include="charts\setyaxisrange.cpp">
      <Filter>Source Files\PropertyForms</Filter>
    </ClCompile>
    <ClCompile Include="charts\deleteChartSeries.cpp">
      <Filter>Source Files</Filter>
    </ClCompile>
    <ClCompile Include="charts\chartlegendproperties.cpp">
      <Filter>Source Files</Filter>
    </ClCompile>
    <ClCompile Include="charts\setlegendproperties.cpp">
      <Filter>Source Files\PropertyForms</Filter>
    </ClCompile>
    <ClCompile Include="charts\changedataseriesname.cpp">
      <Filter>Source Files</Filter>
    </ClCompile>
    <ClCompile Include="charts\removedataseries.cpp">
      <Filter>Source Files\PropertyForms</Filter>
    </ClCompile>
    <ClCompile Include="charts\histogramselection.cpp">
      <Filter>Source Files\PropertyForms</Filter>
    </ClCompile>
    <ClCompile Include="charts\histograminteractiveslicing.cpp">
      <Filter>Source Files\PropertyForms</Filter>
    </ClCompile>
    <ClCompile Include="charts\histogrambounds.cpp">
      <Filter>Source Files\PropertyForms</Filter>
    </ClCompile>
    <ClCompile Include="charts\histogramshift.cpp">
      <Filter>Source Files\PropertyForms</Filter>
    </ClCompile>
  </ItemGroup>
  <ItemGroup>
    <QtMoc Include="charts\ilwischarts_plugin.h">
      <Filter>Header Files</Filter>
    </QtMoc>
    <QtMoc Include="charts\setseriescolor.h">
      <Filter>Header Files\PropertyForms</Filter>
    </QtMoc>
    <CustomBuild Include="charts\chartdataseriestype.h">
      <Filter>Header Files</Filter>
    </CustomBuild>
    <QtMoc Include="charts\setseriestype.h">
      <Filter>Header Files\PropertyForms</Filter>
    </QtMoc>
    <QtMoc Include="charts\setyaxisrange.h">
      <Filter>Header Files\PropertyForms</Filter>
    </QtMoc>
    <QtMoc Include="charts\setlegendproperties.h">
      <Filter>Header Files\PropertyForms</Filter>
    </QtMoc>
    <QtMoc Include="charts\removedataseries.h">
      <Filter>Header Files\PropertyForms</Filter>
    </QtMoc>
    <QtMoc Include="charts\histogramselection.h">
      <Filter>Header Files\PropertyForms</Filter>
    </QtMoc>
    <QtMoc Include="charts\histograminteractiveslicing.h">
      <Filter>Header Files\PropertyForms</Filter>
    </QtMoc>
    <QtMoc Include="charts\histogrambounds.h">
      <Filter>Header Files\PropertyForms</Filter>
    </QtMoc>
    <QtMoc Include="charts\histogramshift.h">
      <Filter>Header Files\PropertyForms</Filter>
    </QtMoc>
  </ItemGroup>
  <ItemGroup>
    <ClInclude Include="charts\createchart.h">
      <Filter>Header Files</Filter>
    </ClInclude>
    <ClInclude Include="charts\addchartseries.h">
      <Filter>Header Files</Filter>
    </ClInclude>
    <ClInclude Include="charts\chartseriescolor.h">
      <Filter>Header Files</Filter>
    </ClInclude>
    <ClInclude Include="charts\updatechart.h">
      <Filter>Header Files</Filter>
    </ClInclude>
    <ClInclude Include="charts\chartyaxisnumrange.h">
      <Filter>Header Files</Filter>
    </ClInclude>
    <ClInclude Include="charts\deleteChartSeries.h">
      <Filter>Header Files</Filter>
    </ClInclude>
    <ClInclude Include="charts\chartlegendproperties.h">
      <Filter>Header Files</Filter>
    </ClInclude>
    <ClInclude Include="charts\changedataseriesname.h">
      <Filter>Header Files</Filter>
    </ClInclude>
  </ItemGroup>
</Project>