<?xml version="1.0" encoding="utf-8"?>
<Project ToolsVersion="4.0" xmlns="http://schemas.microsoft.com/developer/msbuild/2003">
  <ItemGroup>
    <Filter Include="Generated Files">
      <UniqueIdentifier>{71ED8ED8-ACB9-4CE9-BBE1-E00B30144E11}</UniqueIdentifier>
      <Extensions>cpp;c;cxx;moc;h;def;odl;idl;res;</Extensions>
    </Filter>
    <Filter Include="Generated Files">
      <UniqueIdentifier>{71ED8ED8-ACB9-4CE9-BBE1-E00B30144E11}</UniqueIdentifier>
      <Extensions>cpp;c;cxx;moc;h;def;odl;idl;res;</Extensions>
    </Filter>
    <Filter Include="Header Files">
      <UniqueIdentifier>{93995380-89BD-4b04-88EB-625FBE52EBFB}</UniqueIdentifier>
      <Extensions>h;hpp;hxx;hm;inl;inc;xsd</Extensions>
    </Filter>
    <Filter Include="Header Files">
      <UniqueIdentifier>{93995380-89BD-4b04-88EB-625FBE52EBFB}</UniqueIdentifier>
      <Extensions>h;hpp;hxx;hm;inl;inc;xsd</Extensions>
    </Filter>
    <Filter Include="Source Files">
      <UniqueIdentifier>{4FC737F1-C7A5-4376-A066-2A32D752A2FF}</UniqueIdentifier>
      <Extensions>cpp;c;cxx;def;odl;idl;hpj;bat;asm;asmx</Extensions>
    </Filter>
    <Filter Include="Source Files">
      <UniqueIdentifier>{4FC737F1-C7A5-4376-A066-2A32D752A2FF}</UniqueIdentifier>
      <Extensions>cpp;c;cxx;def;odl;idl;hpj;bat;asm;asmx</Extensions>
    </Filter>
    <Filter Include="Generated Files\Debug">
      <UniqueIdentifier>{afa4f415-e565-4eb3-b59a-9a8483a9cdf4}</UniqueIdentifier>
      <Extensions>cpp;moc</Extensions>
      <SourceControlFiles>False</SourceControlFiles>
    </Filter>
    <Filter Include="Generated Files\Release">
      <UniqueIdentifier>{c8ef164d-2286-45e0-b097-e11cfcf5c0a4}</UniqueIdentifier>
      <Extensions>cpp;moc</Extensions>
      <SourceControlFiles>False</SourceControlFiles>
    </Filter>
  </ItemGroup>
  <ItemGroup>
    <ClCompile Include="featureoperations\buffer.cpp">
      <Filter>Source Files</Filter>
    </ClCompile>
    <ClCompile Include="featureoperations\featureoperationsmodule.cpp">
      <Filter>Source Files</Filter>
    </ClCompile>
    <ClCompile Include="featureoperations\gridding.cpp">
      <Filter>Source Files</Filter>
    </ClCompile>
    <ClCompile Include="featureoperations\line2polygon.cpp">
      <Filter>Source Files</Filter>
    </ClCompile>
    <ClCompile Include="featureoperations\pointrastercrossing.cpp">
      <Filter>Source Files</Filter>
    </ClCompile>
    <ClCompile Include="featureoperations\polygon2line.cpp">
      <Filter>Source Files</Filter>
    </ClCompile>
    <ClCompile Include="featureoperations\raster2point.cpp">
      <Filter>Source Files</Filter>
    </ClCompile>
    <ClCompile Include="featureoperations\transformcoordinates.cpp">
      <Filter>Source Files</Filter>
    </ClCompile>
    
    
  </ItemGroup>
  <ItemGroup>
    <ClInclude Include="featureoperations\buffer.h">
      <Filter>Header Files</Filter>
    </ClInclude>
    <QtMoc Include="featureoperations\featureoperationsmodule.h">
      <Filter>Header Files</Filter>
    </QtMoc>
    <ClInclude Include="featureoperations\gridding.h">
      <Filter>Header Files</Filter>
    </ClInclude>
    <ClInclude Include="featureoperations\line2polygon.h">
      <Filter>Header Files</Filter>
    </ClInclude>
    <ClInclude Include="featureoperations\pointrastercrossing.h">
      <Filter>Header Files</Filter>
    </ClInclude>
    <ClInclude Include="featureoperations\polygon2line.h">
      <Filter>Header Files</Filter>
    </ClInclude>
    <ClInclude Include="featureoperations\raster2point.h">
      <Filter>Header Files</Filter>
    </ClInclude>
    <ClInclude Include="featureoperations\transformcoordinates.h">
      <Filter>Header Files</Filter>
    </ClInclude>
  </ItemGroup>
</Project>