<?xml version="1.0" encoding="utf-8"?>
<Project ToolsVersion="4.0" xmlns="http://schemas.microsoft.com/developer/msbuild/2003">
  <ItemGroup>
    <Filter Include="Generated Files">
      <UniqueIdentifier>{71ED8ED8-ACB9-4CE9-BBE1-E00B30144E11}</UniqueIdentifier>
      <Extensions>cpp;c;cxx;moc;h;def;odl;idl;res;</Extensions>
    </Filter>
    <Filter Include="Generated Files">
      <UniqueIdentifier>{71ED8ED8-ACB9-4CE9-BBE1-E00B30144E11}</UniqueIdentifier>
      <Extensions>cpp;c;cxx;moc;h;def;odl;idl;res;</Extensions>
    </Filter>
    <Filter Include="Header Files">
      <UniqueIdentifier>{93995380-89BD-4b04-88EB-625FBE52EBFB}</UniqueIdentifier>
      <Extensions>h;hpp;hxx;hm;inl;inc;xsd</Extensions>
    </Filter>
    <Filter Include="Header Files">
      <UniqueIdentifier>{93995380-89BD-4b04-88EB-625FBE52EBFB}</UniqueIdentifier>
      <Extensions>h;hpp;hxx;hm;inl;inc;xsd</Extensions>
    </Filter>
    <Filter Include="Source Files">
      <UniqueIdentifier>{4FC737F1-C7A5-4376-A066-2A32D752A2FF}</UniqueIdentifier>
      <Extensions>cpp;c;cxx;def;odl;idl;hpj;bat;asm;asmx</Extensions>
    </Filter>
    <Filter Include="Source Files">
      <UniqueIdentifier>{4FC737F1-C7A5-4376-A066-2A32D752A2FF}</UniqueIdentifier>
      <Extensions>cpp;c;cxx;def;odl;idl;hpj;bat;asm;asmx</Extensions>
    </Filter>
    <Filter Include="Generated Files\Debug">
      <UniqueIdentifier>{28eb479b-8fdd-4d30-b63a-158c53eb2658}</UniqueIdentifier>
      <Extensions>cpp;moc</Extensions>
      <SourceControlFiles>False</SourceControlFiles>
    </Filter>
    <Filter Include="Generated Files\Release">
      <UniqueIdentifier>{d2647272-6610-4874-abd8-1ece60c4eda7}</UniqueIdentifier>
      <Extensions>cpp;moc</Extensions>
      <SourceControlFiles>False</SourceControlFiles>
    </Filter>
  </ItemGroup>
  <ItemGroup>
    <ClCompile Include="gdalconnector\coordinatesystemconnector.cpp">
      <Filter>Source Files</Filter>
    </ClCompile>
    <ClCompile Include="gdalconnector\coverageconnector.cpp">
      <Filter>Source Files</Filter>
    </ClCompile>
    <ClCompile Include="gdalconnector\domainconnector.cpp">
      <Filter>Source Files</Filter>
    </ClCompile>
    <ClCompile Include="gdalconnector\gdalcatalogexplorer.cpp">
      <Filter>Source Files</Filter>
    </ClCompile>
    <ClCompile Include="gdalconnector\gdalcatalogfileexplorer.cpp">
      <Filter>Source Files</Filter>
    </ClCompile>
    <ClCompile Include="gdalconnector\gdalconnector.cpp">
      <Filter>Source Files</Filter>
    </ClCompile>
    <ClCompile Include="gdalconnector\gdalfeatureconnector.cpp">
      <Filter>Source Files</Filter>
    </ClCompile>
    <ClCompile Include="gdalconnector\gdalfeaturetableconnector.cpp">
      <Filter>Source Files</Filter>
    </ClCompile>
    <ClCompile Include="gdalconnector\gdalitem.cpp">
      <Filter>Source Files</Filter>
    </ClCompile>
    <ClCompile Include="gdalconnector\gdalmodule.cpp">
      <Filter>Source Files</Filter>
    </ClCompile>
    <ClCompile Include="gdalconnector\gdalobjectfactory.cpp">
      <Filter>Source Files</Filter>
    </ClCompile>
    <ClCompile Include="gdalconnector\gdalproxy.cpp">
      <Filter>Source Files</Filter>
    </ClCompile>
    <ClCompile Include="gdalconnector\gdaltableloader.cpp">
      <Filter>Source Files</Filter>
    </ClCompile>
    <ClCompile Include="gdalconnector\georefconnector.cpp">
      <Filter>Source Files</Filter>
    </ClCompile>
    <ClCompile Include="gdalconnector\gridcoverageconnector.cpp">
      <Filter>Source Files</Filter>
    </ClCompile>
    <ClCompile Include="GeneratedFiles\Debug\moc_gdalmodule.cpp">
      <Filter>Generated Files\Debug</Filter>
    </ClCompile>
    <ClCompile Include="GeneratedFiles\Release\moc_gdalmodule.cpp">
      <Filter>Generated Files\Release</Filter>
    </ClCompile>
  </ItemGroup>
  <ItemGroup>
    <ClInclude Include="gdalconnector\coordinatesystemconnector.h">
      <Filter>Header Files</Filter>
    </ClInclude>
    <ClInclude Include="gdalconnector\coverageconnector.h">
      <Filter>Header Files</Filter>
    </ClInclude>
    <ClInclude Include="gdalconnector\domainconnector.h">
      <Filter>Header Files</Filter>
    </ClInclude>
    <ClInclude Include="gdalconnector\gdalcatalogexplorer.h">
      <Filter>Header Files</Filter>
    </ClInclude>
    <ClInclude Include="gdalconnector\gdalcatalogfileexplorer.h">
      <Filter>Header Files</Filter>
    </ClInclude>
    <ClInclude Include="gdalconnector\gdalconnector.h">
      <Filter>Header Files</Filter>
    </ClInclude>
    <ClInclude Include="gdalconnector\gdalconnector_global.h">
      <Filter>Header Files</Filter>
    </ClInclude>
    <ClInclude Include="gdalconnector\gdalfeatureconnector.h">
      <Filter>Header Files</Filter>
    </ClInclude>
    <ClInclude Include="gdalconnector\gdalfeaturetableconnector.h">
      <Filter>Header Files</Filter>
    </ClInclude>
    <ClInclude Include="gdalconnector\gdalitem.h">
      <Filter>Header Files</Filter>
    </ClInclude>
    <CustomBuild Include="gdalconnector\gdalmodule.h">
      <Filter>Header Files</Filter>
    </CustomBuild>
    <ClInclude Include="gdalconnector\gdalobjectfactory.h">
      <Filter>Header Files</Filter>
    </ClInclude>
    <ClInclude Include="gdalconnector\gdalproxy.h">
      <Filter>Header Files</Filter>
    </ClInclude>
    <ClInclude Include="gdalconnector\gdaltableloader.h">
      <Filter>Header Files</Filter>
    </ClInclude>
    <ClInclude Include="gdalconnector\georefconnector.h">
      <Filter>Header Files</Filter>
    </ClInclude>
    <ClInclude Include="gdalconnector\gridcoverageconnector.h">
      <Filter>Header Files</Filter>
    </ClInclude>
  </ItemGroup>
</Project>