<?xml version="1.0" encoding="utf-8"?>
<Project ToolsVersion="4.0" xmlns="http://schemas.microsoft.com/developer/msbuild/2003">
  <ItemGroup>
    <Filter Include="Generated Files">
      <UniqueIdentifier>{71ED8ED8-ACB9-4CE9-BBE1-E00B30144E11}</UniqueIdentifier>
      <Extensions>cpp;c;cxx;moc;h;def;odl;idl;res;</Extensions>
    </Filter>
    <Filter Include="Generated Files">
      <UniqueIdentifier>{71ED8ED8-ACB9-4CE9-BBE1-E00B30144E11}</UniqueIdentifier>
      <Extensions>cpp;c;cxx;moc;h;def;odl;idl;res;</Extensions>
    </Filter>
    <Filter Include="Header Files">
      <UniqueIdentifier>{93995380-89BD-4b04-88EB-625FBE52EBFB}</UniqueIdentifier>
      <Extensions>h;hpp;hxx;hm;inl;inc;xsd</Extensions>
    </Filter>
    <Filter Include="Header Files">
      <UniqueIdentifier>{93995380-89BD-4b04-88EB-625FBE52EBFB}</UniqueIdentifier>
      <Extensions>h;hpp;hxx;hm;inl;inc;xsd</Extensions>
    </Filter>
    <Filter Include="Resource Files">
      <UniqueIdentifier>{D9D6E242-F8AF-46E4-B9FD-80ECBC20BA3E}</UniqueIdentifier>
      <Extensions>qrc;*</Extensions>
      <ParseFiles>false</ParseFiles>
    </Filter>
    <Filter Include="Resource Files">
      <UniqueIdentifier>{D9D6E242-F8AF-46E4-B9FD-80ECBC20BA3E}</UniqueIdentifier>
      <Extensions>qrc;*</Extensions>
      <ParseFiles>false</ParseFiles>
    </Filter>
    <Filter Include="Source Files">
      <UniqueIdentifier>{4FC737F1-C7A5-4376-A066-2A32D752A2FF}</UniqueIdentifier>
      <Extensions>cpp;c;cxx;def;odl;idl;hpj;bat;asm;asmx</Extensions>
    </Filter>
    <Filter Include="Source Files">
      <UniqueIdentifier>{4FC737F1-C7A5-4376-A066-2A32D752A2FF}</UniqueIdentifier>
      <Extensions>cpp;c;cxx;def;odl;idl;hpj;bat;asm;asmx</Extensions>
    </Filter>
    <Filter Include="Distribution Files">
      <UniqueIdentifier>{B83CAF91-C7BF-462F-B76C-EA11631F866C}</UniqueIdentifier>
      <Extensions>*</Extensions>
      <ParseFiles>false</ParseFiles>
    </Filter>
    <Filter Include="Distribution Files">
      <UniqueIdentifier>{B83CAF91-C7BF-462F-B76C-EA11631F866C}</UniqueIdentifier>
      <Extensions>*</Extensions>
      <ParseFiles>false</ParseFiles>
    </Filter>
    <Filter Include="Generated Files\Debug">
      <UniqueIdentifier>{f8fa8d73-78ce-43ea-b3cb-34571d8dd527}</UniqueIdentifier>
      <Extensions>cpp;moc</Extensions>
      <SourceControlFiles>False</SourceControlFiles>
    </Filter>
    <Filter Include="Generated Files\Release">
      <UniqueIdentifier>{51a2433c-7823-4b31-a2ee-11445a6f2c09}</UniqueIdentifier>
      <Extensions>cpp;moc</Extensions>
      <SourceControlFiles>False</SourceControlFiles>
    </Filter>
    <Filter Include="Source Files\operations">
      <UniqueIdentifier>{79552f57-7ec9-4408-9e29-7320b40d0909}</UniqueIdentifier>
    </Filter>
    <Filter Include="Header Files\operations">
      <UniqueIdentifier>{a4d4b38d-710b-4edc-a0ef-ac644417d7ab}</UniqueIdentifier>
    </Filter>
    <Filter Include="Header Files\tesselation">
      <UniqueIdentifier>{e26a209c-3caa-41d1-9dfd-ed0792820afb}</UniqueIdentifier>
    </Filter>
    <Filter Include="Source Files\tesselation">
      <UniqueIdentifier>{021771a9-1269-46e9-8604-789b71359b31}</UniqueIdentifier>
    </Filter>
  </ItemGroup>
  <ItemGroup>
    <ClCompile Include="geodrawer\drawerattributesetters\basespatialattributesetter.cpp">
      <Filter>Source Files</Filter>
    </ClCompile>
    <ClCompile Include="geodrawer\drawercolorsets.cpp">
      <Filter>Source Files</Filter>
    </ClCompile>
    <ClCompile Include="geodrawer\drawingcolor.cpp">
      <Filter>Source Files</Filter>
    </ClCompile>
    <ClCompile Include="geodrawer\geodrawer_plugin.cpp">
      <Filter>Source Files</Filter>
    </ClCompile>
    <ClCompile Include="geodrawer\openglhelper.cpp">
      <Filter>Source Files</Filter>
    </ClCompile>
    <ClCompile Include="geodrawer\operations\representationattributefillcolor.cpp">
      <Filter>Source Files</Filter>
    </ClCompile>
    <ClCompile Include="geodrawer\drawerattributesetters\simplelinesetter.cpp">
      <Filter>Source Files</Filter>
    </ClCompile>
    <ClCompile Include="geodrawer\drawerattributesetters\simplepointsetter.cpp">
      <Filter>Source Files</Filter>
    </ClCompile>
    <ClCompile Include="geodrawer\drawerattributesetters\simplepolygonsetter.cpp">
      <Filter>Source Files</Filter>
    </ClCompile>
    <ClCompile Include="GeneratedFiles\Debug\moc_geodrawer_plugin.cpp">
      <Filter>Generated Files\Debug</Filter>
    </ClCompile>
    <ClCompile Include="GeneratedFiles\Release\moc_geodrawer_plugin.cpp">
      <Filter>Generated Files\Release</Filter>
    </ClCompile>
    <ClCompile Include="GeneratedFiles\qrc_qml.cpp">
      <Filter>Generated Files</Filter>
    </ClCompile>
    <ClCompile Include="geodrawer\operations\cleardrawers.cpp">
      <Filter>Source Files\operations</Filter>
    </ClCompile>
    <ClCompile Include="geodrawer\operations\adddrawer.cpp">
      <Filter>Source Files\operations</Filter>
    </ClCompile>
    <ClCompile Include="geodrawer\operations\layermanagement.cpp">
      <Filter>Source Files\operations</Filter>
    </ClCompile>
    <ClCompile Include="geodrawer\operations\removedrawer.cpp">
      <Filter>Source Files\operations</Filter>
    </ClCompile>
    <ClCompile Include="geodrawer\operations\setbackgroundcolor.cpp">
      <Filter>Source Files\operations</Filter>
    </ClCompile>
    <ClCompile Include="geodrawer\operations\setgridproperties.cpp">
      <Filter>Source Files\operations</Filter>
    </ClCompile>
    <ClCompile Include="geodrawer\operations\setlayeropacity.cpp">
      <Filter>Source Files\operations</Filter>
    </ClCompile>
    <ClCompile Include="geodrawer\operations\setlinecolor.cpp">
      <Filter>Source Files\operations</Filter>
    </ClCompile>
    <ClCompile Include="geodrawer\operations\setpolygonboundarycolor.cpp">
      <Filter>Source Files\operations</Filter>
    </ClCompile>
    <ClCompile Include="geodrawer\operations\setpolygonboundarywidth.cpp">
      <Filter>Source Files\operations</Filter>
    </ClCompile>
    <ClCompile Include="geodrawer\operations\setrepresentation.cpp">
      <Filter>Source Files\operations</Filter>
    </ClCompile>
    <ClCompile Include="geodrawer\operations\setviewextents.cpp">
      <Filter>Source Files\operations</Filter>
    </ClCompile>
    <ClCompile Include="geodrawer\operations\showcoverage.cpp">
      <Filter>Source Files\operations</Filter>
    </ClCompile>
    <ClCompile Include="geodrawer\operations\showpolygonareas.cpp">
      <Filter>Source Files\operations</Filter>
    </ClCompile>
    <ClCompile Include="geodrawer\operations\showpolygonboundaries.cpp">
      <Filter>Source Files\operations</Filter>
    </ClCompile>
    <ClCompile Include="geodrawer\featurelayermodel.cpp">
      <Filter>Source Files</Filter>
    </ClCompile>
    <ClCompile Include="geodrawer\rasterlayermodel.cpp">
      <Filter>Source Files</Filter>
    </ClCompile>
    <ClCompile Include="geodrawer\pointlayermodel.cpp">
      <Filter>Source Files</Filter>
    </ClCompile>
    <ClCompile Include="geodrawer\linelayermodel.cpp">
      <Filter>Source Files</Filter>
    </ClCompile>
    <ClCompile Include="geodrawer\polygonlayermodel.cpp">
      <Filter>Source Files</Filter>
    </ClCompile>
    <ClCompile Include="GeneratedFiles\Debug\moc_vectorlayermodel.cpp">
      <Filter>Generated Files\Debug</Filter>
    </ClCompile>
    <ClCompile Include="GeneratedFiles\Release\moc_vectorlayermodel.cpp">
      <Filter>Generated Files\Release</Filter>
    </ClCompile>
    <ClCompile Include="geodrawer\vectorlayermodel.cpp">
      <Filter>Source Files</Filter>
    </ClCompile>
    <ClCompile Include="geodrawer\tesselation\bucketalloc.c">
      <Filter>Source Files\tesselation</Filter>
    </ClCompile>
    <ClCompile Include="geodrawer\tesselation\dict.c">
      <Filter>Source Files\tesselation</Filter>
    </ClCompile>
    <ClCompile Include="geodrawer\tesselation\geom.c">
      <Filter>Source Files\tesselation</Filter>
    </ClCompile>
    <ClCompile Include="geodrawer\tesselation\mesh.c">
      <Filter>Source Files\tesselation</Filter>
    </ClCompile>
    <ClCompile Include="geodrawer\tesselation\priorityq.c">
      <Filter>Source Files\tesselation</Filter>
    </ClCompile>
    <ClCompile Include="geodrawer\tesselation\sweep.c">
      <Filter>Source Files\tesselation</Filter>
    </ClCompile>
    <ClCompile Include="geodrawer\tesselation\tess.c">
      <Filter>Source Files\tesselation</Filter>
    </ClCompile>
    <ClCompile Include="geodrawer\tesselation\ilwistesselator.cpp">
      <Filter>Source Files\tesselation</Filter>
    </ClCompile>
    <ClCompile Include="GeneratedFiles\Debug\moc_rasterlayermodel.cpp">
      <Filter>Generated Files\Debug</Filter>
    </ClCompile>
    <ClCompile Include="GeneratedFiles\Release\moc_rasterlayermodel.cpp">
      <Filter>Generated Files\Release</Filter>
    </ClCompile>
    <ClCompile Include="geodrawer\textureheap.cpp">
      <Filter>Source Files</Filter>
    </ClCompile>
    <ClCompile Include="geodrawer\texture.cpp">
      <Filter>Source Files</Filter>
    </ClCompile>
    <ClCompile Include="GeneratedFiles\Debug\moc_textureheap.cpp">
      <Filter>Generated Files\Debug</Filter>
    </ClCompile>
    <ClCompile Include="GeneratedFiles\Release\moc_textureheap.cpp">
      <Filter>Generated Files\Release</Filter>
    </ClCompile>
  </ItemGroup>
  <ItemGroup>
    <ClInclude Include="geodrawer\drawerattributesetters\basespatialattributesetter.h">
      <Filter>Header Files</Filter>
    </ClInclude>
    <ClInclude Include="geodrawer\drawercolorsets.h">
      <Filter>Header Files</Filter>
    </ClInclude>
    <ClInclude Include="geodrawer\drawingcolor.h">
      <Filter>Header Files</Filter>
    </ClInclude>
    <CustomBuild Include="geodrawer\geodrawer_plugin.h">
      <Filter>Header Files</Filter>
    </CustomBuild>
    <ClInclude Include="geodrawer\openglhelper.h">
      <Filter>Header Files</Filter>
    </ClInclude>
    <ClInclude Include="geodrawer\operations\removedrawer.h">
      <Filter>Header Files</Filter>
    </ClInclude>
    <ClInclude Include="geodrawer\operations\representationattributefillcolor.h">
      <Filter>Header Files</Filter>
    </ClInclude>
    <ClInclude Include="geodrawer\drawerattributesetters\simplelinesetter.h">
      <Filter>Header Files</Filter>
    </ClInclude>
    <ClInclude Include="geodrawer\drawerattributesetters\simplepointsetter.h">
      <Filter>Header Files</Filter>
    </ClInclude>
    <ClInclude Include="geodrawer\drawerattributesetters\simplepolygonsetter.h">
      <Filter>Header Files</Filter>
    </ClInclude>
    <ClInclude Include="geodrawer\operations\cleardrawers.h">
      <Filter>Header Files\operations</Filter>
    </ClInclude>
    <ClInclude Include="geodrawer\operations\setbackgroundcolor.h">
      <Filter>Header Files\operations</Filter>
    </ClInclude>
    <ClInclude Include="geodrawer\operations\setgridproperties.h">
      <Filter>Header Files\operations</Filter>
    </ClInclude>
    <ClInclude Include="geodrawer\operations\setlayeropacity.h">
      <Filter>Header Files\operations</Filter>
    </ClInclude>
    <ClInclude Include="geodrawer\operations\setlinecolor.h">
      <Filter>Header Files\operations</Filter>
    </ClInclude>
    <ClInclude Include="geodrawer\operations\setpolygonboundarycolor.h">
      <Filter>Header Files\operations</Filter>
    </ClInclude>
    <ClInclude Include="geodrawer\operations\setpolygonboundarywidth.h">
      <Filter>Header Files\operations</Filter>
    </ClInclude>
    <ClInclude Include="geodrawer\operations\setrepresentation.h">
      <Filter>Header Files\operations</Filter>
    </ClInclude>
    <ClInclude Include="geodrawer\operations\setviewextents.h">
      <Filter>Header Files\operations</Filter>
    </ClInclude>
    <ClInclude Include="geodrawer\operations\showcoverage.h">
      <Filter>Header Files\operations</Filter>
    </ClInclude>
    <ClInclude Include="geodrawer\operations\showpolygonareas.h">
      <Filter>Header Files\operations</Filter>
    </ClInclude>
    <ClInclude Include="geodrawer\operations\showpolygonboundaries.h">
      <Filter>Header Files\operations</Filter>
    </ClInclude>
    <ClInclude Include="geodrawer\operations\layermanagement.h">
      <Filter>Header Files\operations</Filter>
    </ClInclude>
    <ClInclude Include="geodrawer\operations\adddrawer.h">
      <Filter>Header Files\operations</Filter>
    </ClInclude>
    <ClInclude Include="geodrawer\featurelayermodel.h">
      <Filter>Header Files</Filter>
    </ClInclude>
    <ClInclude Include="geodrawer\pointlayermodel.h">
      <Filter>Header Files</Filter>
    </ClInclude>
    <ClInclude Include="geodrawer\linelayermodel.h">
      <Filter>Header Files</Filter>
    </ClInclude>
    <ClInclude Include="geodrawer\polygonlayermodel.h">
      <Filter>Header Files</Filter>
    </ClInclude>
    <ClInclude Include="geodrawer\tesselation\bucketalloc.h">
      <Filter>Header Files\tesselation</Filter>
    </ClInclude>
    <ClInclude Include="geodrawer\tesselation\dict.h">
      <Filter>Header Files\tesselation</Filter>
    </ClInclude>
    <ClInclude Include="geodrawer\tesselation\geom.h">
      <Filter>Header Files\tesselation</Filter>
    </ClInclude>
    <ClInclude Include="geodrawer\tesselation\ilwistesselator.h">
      <Filter>Header Files\tesselation</Filter>
    </ClInclude>
    <ClInclude Include="geodrawer\tesselation\mesh.h">
      <Filter>Header Files\tesselation</Filter>
    </ClInclude>
    <ClInclude Include="geodrawer\tesselation\priorityq.h">
      <Filter>Header Files\tesselation</Filter>
    </ClInclude>
    <ClInclude Include="geodrawer\tesselation\sweep.h">
      <Filter>Header Files\tesselation</Filter>
    </ClInclude>
    <ClInclude Include="geodrawer\tesselation\tess.h">
      <Filter>Header Files\tesselation</Filter>
    </ClInclude>
    <ClInclude Include="geodrawer\tesselation\tesselator.h">
      <Filter>Header Files\tesselation</Filter>
    </ClInclude>
    <ClInclude Include="geodrawer\texture.h">
      <Filter>Header Files</Filter>
    </ClInclude>
  </ItemGroup>
  <ItemGroup>
    <None Include="geodrawer\qml\SpatialView.qml">
      <Filter>Resource Files</Filter>
    </None>
    <CustomBuild Include="geodrawer\qml.qrc">
      <Filter>Resource Files</Filter>
    </CustomBuild>
    <None Include="geodrawer\qml\three.js">
      <Filter>Resource Files</Filter>
    </None>
    <None Include="geodrawer\qml\SpatialView.qml" />
    <None Include="geodrawer\qml\three.js" />
    <None Include="geodrawer\qml\SpatialView.qml" />
    <None Include="geodrawer\qml\three.js" />
    <None Include="geodrawer\qml\SpatialView.qml" />
    <None Include="geodrawer\qml\three.js" />
    <None Include="geodrawer\qml\SpatialView.qml" />
    <None Include="geodrawer\qml\three.js" />
  </ItemGroup>
  <ItemGroup>
    <None Include="geodrawer\qml\SpatialView.qml">
      <Filter>Distribution Files</Filter>
    </None>
    <None Include="geodrawer\qml\three.js">
      <Filter>Distribution Files</Filter>
    </None>
  </ItemGroup>
  <ItemGroup>
    <CustomBuild Include="geodrawer\vectorlayermodel.h">
      <Filter>Header Files</Filter>
    </CustomBuild>
    <CustomBuild Include="geodrawer\rasterlayermodel.h">
      <Filter>Header Files</Filter>
    </CustomBuild>
    <CustomBuild Include="geodrawer\textureheap.h">
      <Filter>Header Files</Filter>
    </CustomBuild>
  </ItemGroup>
</Project>