<?xml version="1.0" encoding="utf-8"?>
<Project ToolsVersion="4.0" xmlns="http://schemas.microsoft.com/developer/msbuild/2003">
  <ItemGroup>
    <Filter Include="Generated Files">
      <UniqueIdentifier>{71ED8ED8-ACB9-4CE9-BBE1-E00B30144E11}</UniqueIdentifier>
      <Extensions>cpp;c;cxx;moc;h;def;odl;idl;res;</Extensions>
    </Filter>
    <Filter Include="Generated Files">
      <UniqueIdentifier>{71ED8ED8-ACB9-4CE9-BBE1-E00B30144E11}</UniqueIdentifier>
      <Extensions>cpp;c;cxx;moc;h;def;odl;idl;res;</Extensions>
    </Filter>
    <Filter Include="Header Files">
      <UniqueIdentifier>{93995380-89BD-4b04-88EB-625FBE52EBFB}</UniqueIdentifier>
      <Extensions>h;hpp;hxx;hm;inl;inc;xsd</Extensions>
    </Filter>
    <Filter Include="Header Files">
      <UniqueIdentifier>{93995380-89BD-4b04-88EB-625FBE52EBFB}</UniqueIdentifier>
      <Extensions>h;hpp;hxx;hm;inl;inc;xsd</Extensions>
    </Filter>
    <Filter Include="Source Files">
      <UniqueIdentifier>{4FC737F1-C7A5-4376-A066-2A32D752A2FF}</UniqueIdentifier>
      <Extensions>cpp;c;cxx;def;odl;idl;hpj;bat;asm;asmx</Extensions>
    </Filter>
    <Filter Include="Source Files">
      <UniqueIdentifier>{4FC737F1-C7A5-4376-A066-2A32D752A2FF}</UniqueIdentifier>
      <Extensions>cpp;c;cxx;def;odl;idl;hpj;bat;asm;asmx</Extensions>
    </Filter>
    <Filter Include="Generated Files\Debug">
      <UniqueIdentifier>{bfda517e-5ffb-4719-9656-71a8553d80e0}</UniqueIdentifier>
      <Extensions>cpp;moc</Extensions>
      <SourceControlFiles>False</SourceControlFiles>
    </Filter>
    <Filter Include="Generated Files\Release">
      <UniqueIdentifier>{adbce48b-baaf-4fd6-a18e-1184d06b1c0f}</UniqueIdentifier>
      <Extensions>cpp;moc</Extensions>
      <SourceControlFiles>False</SourceControlFiles>
    </Filter>
  </ItemGroup>
  <ItemGroup>
    <ClCompile Include="httpserver\httpserver\httpconnectionhandler.cpp">
      <Filter>Source Files</Filter>
    </ClCompile>
    <ClCompile Include="httpserver\httpserver\httpconnectionhandlerpool.cpp">
      <Filter>Source Files</Filter>
    </ClCompile>
    <ClCompile Include="httpserver\httpserver\httpcookie.cpp">
      <Filter>Source Files</Filter>
    </ClCompile>
    <ClCompile Include="httpserver\httpserver\httplistener.cpp">
      <Filter>Source Files</Filter>
    </ClCompile>
    <ClCompile Include="httpserver\httpserver\httprequest.cpp">
      <Filter>Source Files</Filter>
    </ClCompile>
    <ClCompile Include="httpserver\httpserver\httprequesthandler.cpp">
      <Filter>Source Files</Filter>
    </ClCompile>
    <ClCompile Include="httpserver\httpserver\httpresponse.cpp">
      <Filter>Source Files</Filter>
    </ClCompile>
    <ClCompile Include="httpserver\httpserver.cpp">
      <Filter>Source Files</Filter>
    </ClCompile>
    <ClCompile Include="httpserver\httpservermodule.cpp">
      <Filter>Source Files</Filter>
    </ClCompile>
    <ClCompile Include="httpserver\httpserver\httpsession.cpp">
      <Filter>Source Files</Filter>
    </ClCompile>
    <ClCompile Include="httpserver\httpserver\httpsessionstore.cpp">
      <Filter>Source Files</Filter>
    </ClCompile>
    <ClCompile Include="httpserver\service\qtservice.cpp">
      <Filter>Source Files</Filter>
    </ClCompile>
    <ClCompile Include="httpserver\service\qtunixserversocket.cpp">
      <Filter>Source Files</Filter>
    </ClCompile>
    <ClCompile Include="httpserver\service\qtunixsocket.cpp">
      <Filter>Source Files</Filter>
    </ClCompile>
    <ClCompile Include="httpserver\requesthandlerfactory.cpp">
      <Filter>Source Files</Filter>
    </ClCompile>
    <ClCompile Include="httpserver\httpserver\requestmapper.cpp">
      <Filter>Source Files</Filter>
    </ClCompile>
    <ClCompile Include="httpserver\httpserver\serverstarter.cpp">
      <Filter>Source Files</Filter>
    </ClCompile>
    <ClCompile Include="httpserver\service\serverthread.cpp">
      <Filter>Source Files</Filter>
    </ClCompile>
    <ClCompile Include="httpserver\httpserver\staticfilecontroller.cpp">
      <Filter>Source Files</Filter>
    </ClCompile>
    <ClCompile Include="httpserver\templateengine\template.cpp">
      <Filter>Source Files</Filter>
    </ClCompile>
    <ClCompile Include="httpserver\templateengine\templatecache.cpp">
      <Filter>Source Files</Filter>
    </ClCompile>
    <ClCompile Include="httpserver\templateengine\templateloader.cpp">
      <Filter>Source Files</Filter>
    </ClCompile>
    <ClCompile Include="Debug\moc_serverthread.cpp">
      <Filter>Generated Files\Debug</Filter>
    </ClCompile>
    <ClCompile Include="Release\moc_serverthread.cpp">
      <Filter>Generated Files\Release</Filter>
    </ClCompile>
    <ClCompile Include="Debug\moc_requestmapper.cpp">
      <Filter>Generated Files\Debug</Filter>
    </ClCompile>
    <ClCompile Include="Release\moc_requestmapper.cpp">
      <Filter>Generated Files\Release</Filter>
    </ClCompile>
    <ClCompile Include="Debug\moc_qtunixsocket.cpp">
      <Filter>Generated Files\Debug</Filter>
    </ClCompile>
    <ClCompile Include="Release\moc_qtunixsocket.cpp">
      <Filter>Generated Files\Release</Filter>
    </ClCompile>
    <ClCompile Include="Debug\moc_qtunixserversocket.cpp">
      <Filter>Generated Files\Debug</Filter>
    </ClCompile>
    <ClCompile Include="Release\moc_qtunixserversocket.cpp">
      <Filter>Generated Files\Release</Filter>
    </ClCompile>
    <ClCompile Include="Debug\moc_httpconnectionhandlerpool.cpp">
      <Filter>Generated Files\Debug</Filter>
    </ClCompile>
    <ClCompile Include="Release\moc_httpconnectionhandlerpool.cpp">
      <Filter>Generated Files\Release</Filter>
    </ClCompile>
    <ClCompile Include="Debug\moc_httpconnectionhandler.cpp">
      <Filter>Generated Files\Debug</Filter>
    </ClCompile>
    <ClCompile Include="Release\moc_httpconnectionhandler.cpp">
      <Filter>Generated Files\Release</Filter>
    </ClCompile>
    <ClCompile Include="Debug\moc_templateloader.cpp">
      <Filter>Generated Files\Debug</Filter>
    </ClCompile>
    <ClCompile Include="Release\moc_templateloader.cpp">
      <Filter>Generated Files\Release</Filter>
    </ClCompile>
    <ClCompile Include="Debug\moc_templatecache.cpp">
      <Filter>Generated Files\Debug</Filter>
    </ClCompile>
    <ClCompile Include="Release\moc_templatecache.cpp">
      <Filter>Generated Files\Release</Filter>
    </ClCompile>
    <ClCompile Include="Debug\moc_staticfilecontroller.cpp">
      <Filter>Generated Files\Debug</Filter>
    </ClCompile>
    <ClCompile Include="Release\moc_staticfilecontroller.cpp">
      <Filter>Generated Files\Release</Filter>
    </ClCompile>
    <ClCompile Include="Debug\moc_httpsessionstore.cpp">
      <Filter>Generated Files\Debug</Filter>
    </ClCompile>
    <ClCompile Include="Release\moc_httpsessionstore.cpp">
      <Filter>Generated Files\Release</Filter>
    </ClCompile>
    <ClCompile Include="Debug\moc_httpservermodule.cpp">
      <Filter>Generated Files\Debug</Filter>
    </ClCompile>
    <ClCompile Include="Release\moc_httpservermodule.cpp">
      <Filter>Generated Files\Release</Filter>
    </ClCompile>
    <ClCompile Include="Debug\moc_httprequesthandler.cpp">
      <Filter>Generated Files\Debug</Filter>
    </ClCompile>
    <ClCompile Include="Release\moc_httprequesthandler.cpp">
      <Filter>Generated Files\Release</Filter>
    </ClCompile>
    <ClCompile Include="Debug\moc_httplistener.cpp">
      <Filter>Generated Files\Debug</Filter>
    </ClCompile>
    <ClCompile Include="Release\moc_httplistener.cpp">
      <Filter>Generated Files\Release</Filter>
    </ClCompile>
  </ItemGroup>
  <ItemGroup>
    <CustomBuild Include="httpserver\httpserver\httpconnectionhandler.h">
      <Filter>Header Files</Filter>
    </CustomBuild>
    <CustomBuild Include="httpserver\httpserver\httpconnectionhandlerpool.h">
      <Filter>Header Files</Filter>
    </CustomBuild>
    <ClInclude Include="httpserver\httpserver\httpcookie.h">
      <Filter>Header Files</Filter>
    </ClInclude>
    <CustomBuild Include="httpserver\httpserver\httplistener.h">
      <Filter>Header Files</Filter>
    </CustomBuild>
    <ClInclude Include="httpserver\httpserver\httprequest.h">
      <Filter>Header Files</Filter>
    </ClInclude>
    <CustomBuild Include="httpserver\httpserver\httprequesthandler.h">
      <Filter>Header Files</Filter>
    </CustomBuild>
    <ClInclude Include="httpserver\httpserver\httpresponse.h">
      <Filter>Header Files</Filter>
    </ClInclude>
    <ClInclude Include="httpserver\httpserver.h">
      <Filter>Header Files</Filter>
    </ClInclude>
    <CustomBuild Include="httpserver\httpservermodule.h">
      <Filter>Header Files</Filter>
    </CustomBuild>
    <ClInclude Include="httpserver\httpserver\httpsession.h">
      <Filter>Header Files</Filter>
    </ClInclude>
    <CustomBuild Include="httpserver\httpserver\httpsessionstore.h">
      <Filter>Header Files</Filter>
    </CustomBuild>
    <ClInclude Include="httpserver\service\qtservice.h">
      <Filter>Header Files</Filter>
    </ClInclude>
    <ClInclude Include="httpserver\service\qtservice_p.h">
      <Filter>Header Files</Filter>
    </ClInclude>
    <CustomBuild Include="httpserver\service\qtunixserversocket.h">
      <Filter>Header Files</Filter>
    </CustomBuild>
    <CustomBuild Include="httpserver\service\qtunixsocket.h">
      <Filter>Header Files</Filter>
    </CustomBuild>
    <ClInclude Include="httpserver\requesthandlerfactory.h">
      <Filter>Header Files</Filter>
    </ClInclude>
    <CustomBuild Include="httpserver\httpserver\requestmapper.h">
      <Filter>Header Files</Filter>
    </CustomBuild>
    <ClInclude Include="httpserver\httpserver\serverstarter.h">
      <Filter>Header Files</Filter>
    </ClInclude>
    <CustomBuild Include="httpserver\service\serverthread.h">
      <Filter>Header Files</Filter>
    </CustomBuild>
    <CustomBuild Include="httpserver\httpserver\staticfilecontroller.h">
      <Filter>Header Files</Filter>
    </CustomBuild>
    <ClInclude Include="httpserver\templateengine\template.h">
      <Filter>Header Files</Filter>
    </ClInclude>
    <CustomBuild Include="httpserver\templateengine\templatecache.h">
      <Filter>Header Files</Filter>
    </CustomBuild>
    <CustomBuild Include="httpserver\templateengine\templateloader.h">
      <Filter>Header Files</Filter>
    </CustomBuild>
  </ItemGroup>
</Project>