<?xml version="1.0" encoding="utf-8"?>
<Project ToolsVersion="4.0" xmlns="http://schemas.microsoft.com/developer/msbuild/2003">
  <ItemGroup>
    <Filter Include="Header Files">
      <UniqueIdentifier>{5fc1091c-8df7-46d3-bea8-061cef1138d3}</UniqueIdentifier>
    </Filter>
    <Filter Include="Source Files">
      <UniqueIdentifier>{c13a088d-c577-4082-97f1-788e5439b1f1}</UniqueIdentifier>
    </Filter>
  </ItemGroup>
  <ItemGroup>
    <ClCompile Include="Hydroflow\hydroflow_module.cpp">
      <Filter>Source Files</Filter>
    </ClCompile>
    <ClCompile Include="Hydroflow\normalizerelativedem.cpp">
      <Filter>Source Files</Filter>
    </ClCompile>
    <ClCompile Include="Hydroflow\relativedem.cpp">
      <Filter>Source Files</Filter>
    </ClCompile>
    <ClCompile Include="Hydroflow\MapFillSinks.cpp">
      <Filter>Source Files</Filter>
    </ClCompile>
    <ClCompile Include="Hydroflow\MapFlowDirection.cpp">
      <Filter>Source Files</Filter>
    </ClCompile>
  </ItemGroup>
  <ItemGroup>
    <QtMoc Include="Hydroflow\hydroflow_module.h">
      <Filter>Header Files</Filter>
    </QtMoc>
  </ItemGroup>
  <ItemGroup>
    <ClInclude Include="Hydroflow\normalizerelativedem.h">
      <Filter>Header Files</Filter>
    </ClInclude>
    <ClInclude Include="Hydroflow\hydroflow_global.h">
      <Filter>Header Files</Filter>
    </ClInclude>
    <ClInclude Include="Hydroflow\relativedem.h">
      <Filter>Header Files</Filter>
    </ClInclude>
    <ClInclude Include="Hydroflow\MapFillSinks.h">
      <Filter>Header Files</Filter>
    </ClInclude>
    <ClInclude Include="Hydroflow\MapFlowDirection.h">
      <Filter>Header Files</Filter>
    </ClInclude>
  </ItemGroup>
</Project>