<?xml version="1.0" encoding="utf-8"?>
<Project ToolsVersion="4.0" xmlns="http://schemas.microsoft.com/developer/msbuild/2003">
  <ItemGroup>
    <Filter Include="Source Files">
      <UniqueIdentifier>{4FC737F1-C7A5-4376-A066-2A32D752A2FF}</UniqueIdentifier>
      <Extensions>cpp;c;cc;cxx;def;odl;idl;hpj;bat;asm;asmx</Extensions>
      <ParseFiles>true</ParseFiles>
    </Filter>
    <Filter Include="Header Files">
      <UniqueIdentifier>{93995380-89BD-4b04-88EB-625FBE52EBFB}</UniqueIdentifier>
      <Extensions>h;hh;hpp;hxx;hm;inl;inc;xsd</Extensions>
      <ParseFiles>true</ParseFiles>
    </Filter>
    <Filter Include="config">
      <UniqueIdentifier>{02599091-08df-44fa-b045-427e4f388657}</UniqueIdentifier>
    </Filter>
    <Filter Include="Source Files\qtcsv">
      <UniqueIdentifier>{3c7309ff-f036-4109-ab13-90bae3f9f1ea}</UniqueIdentifier>
    </Filter>
    <Filter Include="Header Files\qtcsv">
      <UniqueIdentifier>{a8d3494d-b9bb-4270-aac9-0fd3b00339ee}</UniqueIdentifier>
    </Filter>
  </ItemGroup>
  <ItemGroup>
    <ClCompile Include="ilwis4connector\iwis4connectormodule.cpp">
      <Filter>Source Files</Filter>
    </ClCompile>
    <ClCompile Include="ilwis4connector\ilwis4objectfactory.cpp">
      <Filter>Source Files</Filter>
    </ClCompile>
    <ClCompile Include="ilwis4connector\ilwis4connector.cpp">
      <Filter>Source Files</Filter>
    </ClCompile>
    <ClCompile Include="ilwis4connector\ilwis4tableconnector.cpp">
      <Filter>Source Files</Filter>
    </ClCompile>
    <ClCompile Include="ilwis4connector\ilwis4catalogexplorer.cpp">
      <Filter>Source Files</Filter>
    </ClCompile>
    <ClCompile Include="ilwis4connector\ilwis4domainconnector.cpp">
      <Filter>Source Files</Filter>
    </ClCompile>
    <ClCompile Include="ilwis4connector\ilwis4rasterconnector.cpp">
      <Filter>Source Files</Filter>
    </ClCompile>
    <ClCompile Include="ilwis4connector\ilwis4coordinatesystemconnector.cpp">
      <Filter>Source Files</Filter>
    </ClCompile>
    <ClCompile Include="ilwis4connector\ilwis4georefconnector.cpp">
      <Filter>Source Files</Filter>
    </ClCompile>
    <ClCompile Include="ilwis4connector\ilwis4featureconnector.cpp">
      <Filter>Source Files</Filter>
    </ClCompile>
    <ClCompile Include="ilwis4connector\ilwis4workflowconnector.cpp">
      <Filter>Source Files</Filter>
    </ClCompile>
    <ClCompile Include="ilwis4connector\ilwis4scriptconnector.cpp">
      <Filter>Source Files</Filter>
    </ClCompile>
    <ClCompile Include="ilwis4connector\ilwis4representationconnector.cpp">
      <Filter>Source Files</Filter>
    </ClCompile>
    <ClCompile Include="ilwis4connector\qtcsv\sources\reader.cpp">
      <Filter>Source Files\qtcsv</Filter>
    </ClCompile>
    <ClCompile Include="ilwis4connector\qtcsv\sources\stringdata.cpp">
      <Filter>Source Files\qtcsv</Filter>
    </ClCompile>
    <ClCompile Include="ilwis4connector\qtcsv\sources\variantdata.cpp">
      <Filter>Source Files\qtcsv</Filter>
    </ClCompile>
    <ClCompile Include="ilwis4connector\qtcsv\sources\writer.cpp">
      <Filter>Source Files\qtcsv</Filter>
    </ClCompile>
    <ClCompile Include="ilwis4connector\qtcsv\sources\contentiterator.cpp">
      <Filter>Source Files\qtcsv</Filter>
    </ClCompile>
  </ItemGroup>
  <ItemGroup>
    <QtMoc Include="ilwis4connector\iwis4connectormodule.h">
      <Filter>Header Files</Filter>
    </QtMoc>
  </ItemGroup>
  <ItemGroup>
    <ClInclude Include="ilwis4connector\ilwis4objectfactory.h">
      <Filter>Header Files</Filter>
    </ClInclude>
    <ClInclude Include="ilwis4connector\ilwis4connector.h">
      <Filter>Header Files</Filter>
    </ClInclude>
    <ClInclude Include="ilwis4connector\ilwis4tableconnector.h">
      <Filter>Header Files</Filter>
    </ClInclude>
    <ClInclude Include="ilwis4connector\ilwis4catalogexplorer.h">
      <Filter>Header Files</Filter>
    </ClInclude>
    <ClInclude Include="ilwis4connector\ilwis4domainconnector.h">
      <Filter>Header Files</Filter>
    </ClInclude>
    <ClInclude Include="ilwis4connector\ilwis4rasterconnector.h">
      <Filter>Header Files</Filter>
    </ClInclude>
    <ClInclude Include="ilwis4connector\ilwis4coordinatesystemconnector.h">
      <Filter>Header Files</Filter>
    </ClInclude>
    <ClInclude Include="ilwis4connector\ilwis4georefconnector.h">
      <Filter>Header Files</Filter>
    </ClInclude>
    <ClInclude Include="ilwis4connector\ilwis4featureconnector.h">
      <Filter>Header Files</Filter>
    </ClInclude>
    <ClInclude Include="ilwis4connector\ilwis4workflowconnector.h">
      <Filter>Header Files</Filter>
    </ClInclude>
    <ClInclude Include="ilwis4connector\ilwis4scriptconnector.h">
      <Filter>Header Files</Filter>
    </ClInclude>
    <ClInclude Include="ilwis4connector\ilwis4representationconnector.h">
      <Filter>Header Files</Filter>
    </ClInclude>
    <ClInclude Include="ilwis4connector\qtcsv\include\abstractdata.h">
      <Filter>Header Files\qtcsv</Filter>
    </ClInclude>
    <ClInclude Include="ilwis4connector\qtcsv\include\qtcsv_global.h">
      <Filter>Header Files\qtcsv</Filter>
    </ClInclude>
    <ClInclude Include="ilwis4connector\qtcsv\include\reader.h">
      <Filter>Header Files\qtcsv</Filter>
    </ClInclude>
    <ClInclude Include="ilwis4connector\qtcsv\include\stringdata.h">
      <Filter>Header Files\qtcsv</Filter>
    </ClInclude>
    <ClInclude Include="ilwis4connector\qtcsv\include\variantdata.h">
      <Filter>Header Files\qtcsv</Filter>
    </ClInclude>
    <ClInclude Include="ilwis4connector\qtcsv\include\writer.h">
      <Filter>Header Files\qtcsv</Filter>
    </ClInclude>
    <ClInclude Include="ilwis4connector\qtcsv\sources\contentiterator.h">
      <Filter>Header Files\qtcsv</Filter>
    </ClInclude>
    <ClInclude Include="ilwis4connector\qtcsv\sources\filechecker.h">
      <Filter>Header Files\qtcsv</Filter>
    </ClInclude>
    <ClInclude Include="ilwis4connector\qtcsv\sources\symbols.h">
      <Filter>Header Files\qtcsv</Filter>
    </ClInclude>
  </ItemGroup>
  <ItemGroup>
    <None Include="ilwis4connector\resources\ilwis4formats.config">
      <Filter>config</Filter>
    </None>
  </ItemGroup>
</Project>