<?xml version="1.0" encoding="utf-8"?>
<Project ToolsVersion="4.0" xmlns="http://schemas.microsoft.com/developer/msbuild/2003">
  <ItemGroup>
    <Filter Include="Generated Files">
      <UniqueIdentifier>{71ED8ED8-ACB9-4CE9-BBE1-E00B30144E11}</UniqueIdentifier>
      <Extensions>cpp;c;cxx;moc;h;def;odl;idl;res;</Extensions>
    </Filter>
    <Filter Include="Generated Files">
      <UniqueIdentifier>{71ED8ED8-ACB9-4CE9-BBE1-E00B30144E11}</UniqueIdentifier>
      <Extensions>cpp;c;cxx;moc;h;def;odl;idl;res;</Extensions>
    </Filter>
    <Filter Include="Header Files">
      <UniqueIdentifier>{93995380-89BD-4b04-88EB-625FBE52EBFB}</UniqueIdentifier>
      <Extensions>h;hpp;hxx;hm;inl;inc;xsd</Extensions>
    </Filter>
    <Filter Include="Header Files">
      <UniqueIdentifier>{93995380-89BD-4b04-88EB-625FBE52EBFB}</UniqueIdentifier>
      <Extensions>h;hpp;hxx;hm;inl;inc;xsd</Extensions>
    </Filter>
    <Filter Include="Source Files">
      <UniqueIdentifier>{4FC737F1-C7A5-4376-A066-2A32D752A2FF}</UniqueIdentifier>
      <Extensions>cpp;c;cxx;def;odl;idl;hpj;bat;asm;asmx</Extensions>
    </Filter>
    <Filter Include="Source Files">
      <UniqueIdentifier>{4FC737F1-C7A5-4376-A066-2A32D752A2FF}</UniqueIdentifier>
      <Extensions>cpp;c;cxx;def;odl;idl;hpj;bat;asm;asmx</Extensions>
    </Filter>
    <Filter Include="Generated Files\Debug">
      <UniqueIdentifier>{f5e11109-dafe-454f-96a0-80f5d4232873}</UniqueIdentifier>
      <Extensions>cpp;moc</Extensions>
      <SourceControlFiles>False</SourceControlFiles>
    </Filter>
    <Filter Include="Generated Files\Release">
      <UniqueIdentifier>{72f00f55-eb2e-4fc9-af6c-ddaecd086d88}</UniqueIdentifier>
      <Extensions>cpp;moc</Extensions>
      <SourceControlFiles>False</SourceControlFiles>
    </Filter>
  </ItemGroup>
  <ItemGroup>
    <ClCompile Include="ilwis3connector\RawConverter.cpp">
      <Filter>Source Files</Filter>
    </ClCompile>
    <ClCompile Include="ilwis3connector\binaryilwis3table.cpp">
      <Filter>Source Files</Filter>
    </ClCompile>
    <ClCompile Include="ilwis3connector\coordinatesystemconnector.cpp">
      <Filter>Source Files</Filter>
    </ClCompile>
    <ClCompile Include="ilwis3connector\coverageconnector.cpp">
      <Filter>Source Files</Filter>
    </ClCompile>
    <ClCompile Include="ilwis3connector\domainconnector.cpp">
      <Filter>Source Files</Filter>
    </ClCompile>
    <ClCompile Include="ilwis3connector\ellipsoidconnector.cpp">
      <Filter>Source Files</Filter>
    </ClCompile>
    <ClCompile Include="ilwis3connector\georefconnector.cpp">
      <Filter>Source Files</Filter>
    </ClCompile>
    <ClCompile Include="ilwis3connector\ilwis3catalogexplorer.cpp">
      <Filter>Source Files</Filter>
    </ClCompile>
    <ClCompile Include="ilwis3connector\ilwis3catalogfileexplorer.cpp">
      <Filter>Source Files</Filter>
    </ClCompile>
    <ClCompile Include="ilwis3connector\ilwis3connector.cpp">
      <Filter>Source Files</Filter>
    </ClCompile>
    <ClCompile Include="ilwis3connector\ilwis3featureconnector.cpp">
      <Filter>Source Files</Filter>
    </ClCompile>
    <ClCompile Include="ilwis3connector\ilwis3module.cpp">
      <Filter>Source Files</Filter>
    </ClCompile>
    <ClCompile Include="ilwis3connector\ilwis3objectfactory.cpp">
      <Filter>Source Files</Filter>
    </ClCompile>
    <ClCompile Include="ilwis3connector\ilwis3projectionconnector.cpp">
      <Filter>Source Files</Filter>
    </ClCompile>
    <ClCompile Include="ilwis3connector\ilwis3range.cpp">
      <Filter>Source Files</Filter>
    </ClCompile>
    <ClCompile Include="ilwis3connector\ilwis3representationconnector.cpp">
      <Filter>Source Files</Filter>
    </ClCompile>
    <ClCompile Include="ilwis3connector\ilwisrastercoverageconnector.cpp">
      <Filter>Source Files</Filter>
    </ClCompile>
    <ClCompile Include="ilwis3connector\inifile.cpp">
      <Filter>Source Files</Filter>
    </ClCompile>
    <ClCompile Include="ilwis3connector\odfitem.cpp">
      <Filter>Source Files</Filter>
    </ClCompile>
    <ClCompile Include="ilwis3connector\tableconnector.cpp">
      <Filter>Source Files</Filter>
    </ClCompile>
    <ClCompile Include="GeneratedFiles\Debug\moc_ilwis3module.cpp">
      <Filter>Generated Files\Debug</Filter>
    </ClCompile>
    <ClCompile Include="GeneratedFiles\Release\moc_ilwis3module.cpp">
      <Filter>Generated Files\Release</Filter>
    </ClCompile>
  </ItemGroup>
  <ItemGroup>
    <ClInclude Include="ilwis3connector\Ilwis3Connector_global.h">
      <Filter>Header Files</Filter>
    </ClInclude>
    <ClInclude Include="ilwis3connector\binaryilwis3table.h">
      <Filter>Header Files</Filter>
    </ClInclude>
    <ClInclude Include="ilwis3connector\coordinatesystemconnector.h">
      <Filter>Header Files</Filter>
    </ClInclude>
    <ClInclude Include="ilwis3connector\coverageconnector.h">
      <Filter>Header Files</Filter>
    </ClInclude>
    <ClInclude Include="ilwis3connector\domainconnector.h">
      <Filter>Header Files</Filter>
    </ClInclude>
    <ClInclude Include="ilwis3connector\ellipsoidconnector.h">
      <Filter>Header Files</Filter>
    </ClInclude>
    <ClInclude Include="ilwis3connector\georefconnector.h">
      <Filter>Header Files</Filter>
    </ClInclude>
    <ClInclude Include="ilwis3connector\ilwis3catalogexplorer.h">
      <Filter>Header Files</Filter>
    </ClInclude>
    <ClInclude Include="ilwis3connector\ilwis3catalogfileexplorer.h">
      <Filter>Header Files</Filter>
    </ClInclude>
    <ClInclude Include="ilwis3connector\ilwis3connector.h">
      <Filter>Header Files</Filter>
    </ClInclude>
    <ClInclude Include="ilwis3connector\ilwis3featureconnector.h">
      <Filter>Header Files</Filter>
    </ClInclude>
    <CustomBuild Include="ilwis3connector\ilwis3module.h">
      <Filter>Header Files</Filter>
    </CustomBuild>
    <ClInclude Include="ilwis3connector\ilwis3objectfactory.h">
      <Filter>Header Files</Filter>
    </ClInclude>
    <ClInclude Include="ilwis3connector\ilwis3projectionconnector.h">
      <Filter>Header Files</Filter>
    </ClInclude>
    <ClInclude Include="ilwis3connector\ilwis3range.h">
      <Filter>Header Files</Filter>
    </ClInclude>
    <ClInclude Include="ilwis3connector\ilwis3representationconnector.h">
      <Filter>Header Files</Filter>
    </ClInclude>
    <ClInclude Include="ilwis3connector\ilwisrastercoverageconnector.h">
      <Filter>Header Files</Filter>
    </ClInclude>
    <ClInclude Include="ilwis3connector\inifile.h">
      <Filter>Header Files</Filter>
    </ClInclude>
    <ClInclude Include="ilwis3connector\odfitem.h">
      <Filter>Header Files</Filter>
    </ClInclude>
    <ClInclude Include="ilwis3connector\rawconverter.h">
      <Filter>Header Files</Filter>
    </ClInclude>
    <ClInclude Include="ilwis3connector\tableconnector.h">
      <Filter>Header Files</Filter>
    </ClInclude>
  </ItemGroup>
</Project>