<?xml version="1.0" encoding="utf-8"?>
<Project ToolsVersion="4.0" xmlns="http://schemas.microsoft.com/developer/msbuild/2003">
  <ItemGroup>
    <Filter Include="Generated Files">
      <UniqueIdentifier>{71ED8ED8-ACB9-4CE9-BBE1-E00B30144E11}</UniqueIdentifier>
      <Extensions>cpp;c;cxx;moc;h;def;odl;idl;res;</Extensions>
    </Filter>
    <Filter Include="Generated Files">
      <UniqueIdentifier>{71ED8ED8-ACB9-4CE9-BBE1-E00B30144E11}</UniqueIdentifier>
      <Extensions>cpp;c;cxx;moc;h;def;odl;idl;res;</Extensions>
    </Filter>
    <Filter Include="Header Files">
      <UniqueIdentifier>{93995380-89BD-4b04-88EB-625FBE52EBFB}</UniqueIdentifier>
      <Extensions>h;hpp;hxx;hm;inl;inc;xsd</Extensions>
    </Filter>
    <Filter Include="Header Files">
      <UniqueIdentifier>{93995380-89BD-4b04-88EB-625FBE52EBFB}</UniqueIdentifier>
      <Extensions>h;hpp;hxx;hm;inl;inc;xsd</Extensions>
    </Filter>
    <Filter Include="Source Files">
      <UniqueIdentifier>{4FC737F1-C7A5-4376-A066-2A32D752A2FF}</UniqueIdentifier>
      <Extensions>cpp;c;cxx;def;odl;idl;hpj;bat;asm;asmx</Extensions>
    </Filter>
    <Filter Include="Source Files">
      <UniqueIdentifier>{4FC737F1-C7A5-4376-A066-2A32D752A2FF}</UniqueIdentifier>
      <Extensions>cpp;c;cxx;def;odl;idl;hpj;bat;asm;asmx</Extensions>
    </Filter>
    <Filter Include="Generated Files\Debug">
      <UniqueIdentifier>{a12a9acb-1d01-43fa-b821-13b5a788d98e}</UniqueIdentifier>
      <Extensions>cpp;moc</Extensions>
      <SourceControlFiles>False</SourceControlFiles>
    </Filter>
    <Filter Include="Generated Files\Release">
      <UniqueIdentifier>{f864491b-c2bf-4a4c-a2f7-102623734b1c}</UniqueIdentifier>
      <Extensions>cpp;moc</Extensions>
      <SourceControlFiles>False</SourceControlFiles>
    </Filter>
  </ItemGroup>
  <ItemGroup>
    <ClCompile Include="internalconnector\projections\cylindsinusinterrupt2.cpp">
      <Filter>Source Files</Filter>
    </ClCompile>
    <ClCompile Include="internalconnector\internalcatalogexplorer.cpp">
      <Filter>Source Files</Filter>
    </ClCompile>
    <ClCompile Include="internalconnector\internalcombinationmatrixconnector.cpp">
      <Filter>Source Files</Filter>
    </ClCompile>
    <ClCompile Include="internalconnector\internalcoordinatesystemconnector.cpp">
      <Filter>Source Files</Filter>
    </ClCompile>
    <ClCompile Include="internalconnector\internaldomain.cpp">
      <Filter>Source Files</Filter>
    </ClCompile>
    <ClCompile Include="internalconnector\internalellipsoidconnector.cpp">
      <Filter>Source Files</Filter>
    </ClCompile>
    <ClCompile Include="internalconnector\internalfeaturecoverageconnector.cpp">
      <Filter>Source Files</Filter>
    </ClCompile>
    <ClCompile Include="internalconnector\internalgeoreferenceconnector.cpp">
      <Filter>Source Files</Filter>
    </ClCompile>
    <ClCompile Include="internalconnector\internalilwisobjectfactory.cpp">
      <Filter>Source Files</Filter>
    </ClCompile>
    <ClCompile Include="internalconnector\internalmodelconnector.cpp">
      <Filter>Source Files</Filter>
    </ClCompile>
    <ClCompile Include="internalconnector\internalmodule.cpp">
      <Filter>Source Files</Filter>
    </ClCompile>
    <ClCompile Include="internalconnector\internalprjimplfactory.cpp">
      <Filter>Source Files</Filter>
    </ClCompile>
    <ClCompile Include="internalconnector\internalprojectionconnector.cpp">
      <Filter>Source Files</Filter>
    </ClCompile>
    <ClCompile Include="internalconnector\internalrastercoverageconnector.cpp">
      <Filter>Source Files</Filter>
    </ClCompile>
    <ClCompile Include="internalconnector\internalrepresentation.cpp">
      <Filter>Source Files</Filter>
    </ClCompile>
    <ClCompile Include="internalconnector\internalscriptconnector.cpp">
      <Filter>Source Files</Filter>
    </ClCompile>
    <ClCompile Include="internalconnector\internaltableconnector.cpp">
      <Filter>Source Files</Filter>
    </ClCompile>
    <ClCompile Include="internalconnector\operationmetadataconnector.cpp">
      <Filter>Source Files</Filter>
    </ClCompile>
    <ClCompile Include="internalconnector\projections\platecaree.cpp">
      <Filter>Source Files</Filter>
    </ClCompile>
    <ClCompile Include="internalconnector\projections\projectionimplementationinternal.cpp">
      <Filter>Source Files</Filter>
    </ClCompile>
    <ClCompile Include="internalconnector\workflowconnector.cpp">
      <Filter>Source Files</Filter>
    </ClCompile>
    
    
    <ClCompile Include="internalconnector\projections\dutchrd.cpp">
      <Filter>Source Files</Filter>
    </ClCompile>
  </ItemGroup>
  <ItemGroup>
    <ClInclude Include="internalconnector\projections\cylindsinusinterrupt2.h">
      <Filter>Header Files</Filter>
    </ClInclude>
    <ClInclude Include="internalconnector\epsg.h">
      <Filter>Header Files</Filter>
    </ClInclude>
    <ClInclude Include="internalconnector\internalcatalogexplorer.h">
      <Filter>Header Files</Filter>
    </ClInclude>
    <ClInclude Include="internalconnector\internalcombinationmatrixconnector.h">
      <Filter>Header Files</Filter>
    </ClInclude>
    <ClInclude Include="internalconnector\internalcoordinatesystemconnector.h">
      <Filter>Header Files</Filter>
    </ClInclude>
    <ClInclude Include="internalconnector\internaldomain.h">
      <Filter>Header Files</Filter>
    </ClInclude>
    <ClInclude Include="internalconnector\internalellipsoidconnector.h">
      <Filter>Header Files</Filter>
    </ClInclude>
    <ClInclude Include="internalconnector\internalfeaturecoverageconnector.h">
      <Filter>Header Files</Filter>
    </ClInclude>
    <ClInclude Include="internalconnector\internalgeoreferenceconnector.h">
      <Filter>Header Files</Filter>
    </ClInclude>
    <ClInclude Include="internalconnector\internalilwisobjectfactory.h">
      <Filter>Header Files</Filter>
    </ClInclude>
    <ClInclude Include="internalconnector\internalmodelconnector.h">
      <Filter>Header Files</Filter>
    </ClInclude>
    <QtMoc Include="internalconnector\internalmodule.h">
      <Filter>Header Files</Filter>
    </QtMoc>
    <ClInclude Include="internalconnector\internalprjmplfactory.h">
      <Filter>Header Files</Filter>
    </ClInclude>
    <ClInclude Include="internalconnector\internalprojectionconnector.h">
      <Filter>Header Files</Filter>
    </ClInclude>
    <ClInclude Include="internalconnector\internalrastercoverageconnector.h">
      <Filter>Header Files</Filter>
    </ClInclude>
    <ClInclude Include="internalconnector\internalrepresentation.h">
      <Filter>Header Files</Filter>
    </ClInclude>
    <ClInclude Include="internalconnector\internalscriptconnector.h">
      <Filter>Header Files</Filter>
    </ClInclude>
    <ClInclude Include="internalconnector\internaltableconnector.h">
      <Filter>Header Files</Filter>
    </ClInclude>
    <ClInclude Include="internalconnector\operationmetadataconnector.h">
      <Filter>Header Files</Filter>
    </ClInclude>
    <ClInclude Include="internalconnector\projections\platecaree.h">
      <Filter>Header Files</Filter>
    </ClInclude>
    <ClInclude Include="internalconnector\projections\projectionimplementationinternal.h">
      <Filter>Header Files</Filter>
    </ClInclude>
    <ClInclude Include="internalconnector\workflowconnector.h">
      <Filter>Header Files</Filter>
    </ClInclude>
    <ClInclude Include="internalconnector\projections\dutchrd.h">
      <Filter>Header Files</Filter>
    </ClInclude>
  </ItemGroup>
</Project>