<?xml version="1.0" encoding="utf-8"?>
<Project ToolsVersion="4.0" xmlns="http://schemas.microsoft.com/developer/msbuild/2003">
  <ItemGroup>
    <Filter Include="Source Files">
      <UniqueIdentifier>{4FC737F1-C7A5-4376-A066-2A32D752A2FF}</UniqueIdentifier>
      <Extensions>cpp;c;cc;cxx;def;odl;idl;hpj;bat;asm;asmx</Extensions>
      <ParseFiles>true</ParseFiles>
    </Filter>
    <Filter Include="Header Files">
      <UniqueIdentifier>{93995380-89BD-4b04-88EB-625FBE52EBFB}</UniqueIdentifier>
      <Extensions>h;hh;hpp;hxx;hm;inl;inc;xsd</Extensions>
      <ParseFiles>true</ParseFiles>
    </Filter>
  </ItemGroup>
  <ItemGroup>
    <ClInclude Include="opencv\opencvhelper.h">
      <Filter>Header Files</Filter>
    </ClInclude>
    <ClInclude Include="opencv\opencvoperation.h">
      <Filter>Header Files</Filter>
    </ClInclude>
    <ClInclude Include="opencv\bilateralfilter.h">
      <Filter>Header Files</Filter>
    </ClInclude>
    <ClInclude Include="opencv\boxfilter.h">
      <Filter>Header Files</Filter>
    </ClInclude>
    <ClInclude Include="opencv\comparehistograms.h">
      <Filter>Header Files</Filter>
    </ClInclude>
    <ClInclude Include="opencv\dilatefilter.h">
      <Filter>Header Files</Filter>
    </ClInclude>
    <ClInclude Include="opencv\erodefilter.h">
      <Filter>Header Files</Filter>
    </ClInclude>
    <ClInclude Include="opencv\gaussianblurfilter.h">
      <Filter>Header Files</Filter>
    </ClInclude>
    <ClInclude Include="opencv\histogramequalization.h">
      <Filter>Header Files</Filter>
    </ClInclude>
    <ClInclude Include="opencv\laplacefilter.h">
      <Filter>Header Files</Filter>
    </ClInclude>
    <ClInclude Include="opencv\medianblurfilter.h">
      <Filter>Header Files</Filter>
    </ClInclude>
    <ClInclude Include="opencv\scharrfilter.h">
      <Filter>Header Files</Filter>
    </ClInclude>
    <ClInclude Include="opencv\sobelfilter.h">
      <Filter>Header Files</Filter>
    </ClInclude>
  </ItemGroup>
  <ItemGroup>
    <ClCompile Include="opencv\opencvhelper.cpp">
      <Filter>Source Files</Filter>
    </ClCompile>
    <ClCompile Include="opencv\opencvoperation.cpp">
      <Filter>Source Files</Filter>
    </ClCompile>
    <ClCompile Include="opencv\bilateralfilter.cpp">
      <Filter>Source Files</Filter>
    </ClCompile>
    <ClCompile Include="opencv\boxfilter.cpp">
      <Filter>Source Files</Filter>
    </ClCompile>
    <ClCompile Include="opencv\comparehistograms.cpp">
      <Filter>Source Files</Filter>
    </ClCompile>
    <ClCompile Include="opencv\dilatefilter.cpp">
      <Filter>Source Files</Filter>
    </ClCompile>
    <ClCompile Include="opencv\erodefilter.cpp">
      <Filter>Source Files</Filter>
    </ClCompile>
    <ClCompile Include="opencv\gaussianblurfilter.cpp">
      <Filter>Source Files</Filter>
    </ClCompile>
    <ClCompile Include="opencv\histogramequalization.cpp">
      <Filter>Source Files</Filter>
    </ClCompile>
    <ClCompile Include="opencv\laplacefilter.cpp">
      <Filter>Source Files</Filter>
    </ClCompile>
    <ClCompile Include="opencv\medianblurfilter.cpp">
      <Filter>Source Files</Filter>
    </ClCompile>
    <ClCompile Include="opencv\opencvmodule.cpp">
      <Filter>Source Files</Filter>
    </ClCompile>
    <ClCompile Include="opencv\scharrfilter.cpp">
      <Filter>Source Files</Filter>
    </ClCompile>
    <ClCompile Include="opencv\sobelfilter.cpp">
      <Filter>Source Files</Filter>
    </ClCompile>
  </ItemGroup>
  <ItemGroup>
    <None Include="opencv\opencvconnector.json" />
  </ItemGroup>
  <ItemGroup>
    <QtMoc Include="opencv\opencvmodule.h">
      <Filter>Header Files</Filter>
    </QtMoc>
  </ItemGroup>
</Project>