<?xml version="1.0" encoding="utf-8"?>
<Project ToolsVersion="4.0" xmlns="http://schemas.microsoft.com/developer/msbuild/2003">
  <ItemGroup>
    <Filter Include="Generated Files">
      <UniqueIdentifier>{71ED8ED8-ACB9-4CE9-BBE1-E00B30144E11}</UniqueIdentifier>
      <Extensions>cpp;c;cxx;moc;h;def;odl;idl;res;</Extensions>
    </Filter>
    <Filter Include="Generated Files">
      <UniqueIdentifier>{71ED8ED8-ACB9-4CE9-BBE1-E00B30144E11}</UniqueIdentifier>
      <Extensions>cpp;c;cxx;moc;h;def;odl;idl;res;</Extensions>
    </Filter>
    <Filter Include="Header Files">
      <UniqueIdentifier>{93995380-89BD-4b04-88EB-625FBE52EBFB}</UniqueIdentifier>
      <Extensions>h;hpp;hxx;hm;inl;inc;xsd</Extensions>
    </Filter>
    <Filter Include="Header Files">
      <UniqueIdentifier>{93995380-89BD-4b04-88EB-625FBE52EBFB}</UniqueIdentifier>
      <Extensions>h;hpp;hxx;hm;inl;inc;xsd</Extensions>
    </Filter>
    <Filter Include="Source Files">
      <UniqueIdentifier>{4FC737F1-C7A5-4376-A066-2A32D752A2FF}</UniqueIdentifier>
      <Extensions>cpp;c;cxx;def;odl;idl;hpj;bat;asm;asmx</Extensions>
    </Filter>
    <Filter Include="Source Files">
      <UniqueIdentifier>{4FC737F1-C7A5-4376-A066-2A32D752A2FF}</UniqueIdentifier>
      <Extensions>cpp;c;cxx;def;odl;idl;hpj;bat;asm;asmx</Extensions>
    </Filter>
    <Filter Include="Generated Files\Debug">
      <UniqueIdentifier>{c5ef9f25-4ad0-450a-bcbb-cb54f10cd9d2}</UniqueIdentifier>
      <Extensions>cpp;moc</Extensions>
      <SourceControlFiles>False</SourceControlFiles>
    </Filter>
    <Filter Include="Generated Files\Release">
      <UniqueIdentifier>{0659f127-4328-4086-9e51-570b3cb93080}</UniqueIdentifier>
      <Extensions>cpp;moc</Extensions>
      <SourceControlFiles>False</SourceControlFiles>
    </Filter>
  </ItemGroup>
  <ItemGroup>
    <ClCompile Include="postgresqlconnector\PostgresqlDatabaseUtil.cpp">
      <Filter>Source Files</Filter>
    </ClCompile>
    <ClCompile Include="postgresqlconnector\postgresqlcatalogexplorer.cpp">
      <Filter>Source Files</Filter>
    </ClCompile>
    <ClCompile Include="postgresqlconnector\postgresqlconnection.cpp">
      <Filter>Source Files</Filter>
    </ClCompile>
    <ClCompile Include="postgresqlconnector\postgresqlconnector.cpp">
      <Filter>Source Files</Filter>
    </ClCompile>
    <ClCompile Include="postgresqlconnector\postgresqlfeatureconnector.cpp">
      <Filter>Source Files</Filter>
    </ClCompile>
    <ClCompile Include="postgresqlconnector\postgresqlfeaturecoverageloader.cpp">
      <Filter>Source Files</Filter>
    </ClCompile>
    <ClCompile Include="postgresqlconnector\postgresqlmodule.cpp">
      <Filter>Source Files</Filter>
    </ClCompile>
    <ClCompile Include="postgresqlconnector\postgresqlobjectfactory.cpp">
      <Filter>Source Files</Filter>
    </ClCompile>
    <ClCompile Include="postgresqlconnector\postgresqlparameters.cpp">
      <Filter>Source Files</Filter>
    </ClCompile>
    <ClCompile Include="postgresqlconnector\postgresqlrasterconnector.cpp">
      <Filter>Source Files</Filter>
    </ClCompile>
    <ClCompile Include="postgresqlconnector\postgresqltableconnector.cpp">
      <Filter>Source Files</Filter>
    </ClCompile>
    <ClCompile Include="postgresqlconnector\postgresqltableloader.cpp">
      <Filter>Source Files</Filter>
    </ClCompile>
    <ClCompile Include="postgresqlconnector\sqlstatementhelper.cpp">
      <Filter>Source Files</Filter>
    </ClCompile>
    <ClCompile Include="GeneratedFiles\Debug\moc_postgresqlmodule.cpp">
      <Filter>Generated Files\Debug</Filter>
    </ClCompile>
    <ClCompile Include="GeneratedFiles\Release\moc_postgresqlmodule.cpp">
      <Filter>Generated Files\Release</Filter>
    </ClCompile>
  </ItemGroup>
  <ItemGroup>
    <ClInclude Include="postgresqlconnector\postgresqlcatalogexplorer.h">
      <Filter>Header Files</Filter>
    </ClInclude>
    <ClInclude Include="postgresqlconnector\postgresqlconnection.h">
      <Filter>Header Files</Filter>
    </ClInclude>
    <ClInclude Include="postgresqlconnector\postgresqlconnector.h">
      <Filter>Header Files</Filter>
    </ClInclude>
    <ClInclude Include="postgresqlconnector\postgresqldatabaseutil.h">
      <Filter>Header Files</Filter>
    </ClInclude>
    <ClInclude Include="postgresqlconnector\postgresqlfeatureconnector.h">
      <Filter>Header Files</Filter>
    </ClInclude>
    <ClInclude Include="postgresqlconnector\postgresqlfeaturecoverageloader.h">
      <Filter>Header Files</Filter>
    </ClInclude>
    <CustomBuild Include="postgresqlconnector\postgresqlmodule.h">
      <Filter>Header Files</Filter>
    </CustomBuild>
    <ClInclude Include="postgresqlconnector\postgresqlobjectfactory.h">
      <Filter>Header Files</Filter>
    </ClInclude>
    <ClInclude Include="postgresqlconnector\postgresqlparameters.h">
      <Filter>Header Files</Filter>
    </ClInclude>
    <ClInclude Include="postgresqlconnector\postgresqlrasterconnector.h">
      <Filter>Header Files</Filter>
    </ClInclude>
    <ClInclude Include="postgresqlconnector\postgresqltableconnector.h">
      <Filter>Header Files</Filter>
    </ClInclude>
    <ClInclude Include="postgresqlconnector\postgresqltableloader.h">
      <Filter>Header Files</Filter>
    </ClInclude>
    <ClInclude Include="postgresqlconnector\sqlstatementhelper.h">
      <Filter>Header Files</Filter>
    </ClInclude>
  </ItemGroup>
</Project>