<?xml version="1.0" encoding="utf-8"?>
<Project ToolsVersion="4.0" xmlns="http://schemas.microsoft.com/developer/msbuild/2003">
  <ItemGroup>
    <Filter Include="Generated Files">
      <UniqueIdentifier>{71ED8ED8-ACB9-4CE9-BBE1-E00B30144E11}</UniqueIdentifier>
      <Extensions>cpp;c;cxx;moc;h;def;odl;idl;res;</Extensions>
    </Filter>
    <Filter Include="Generated Files">
      <UniqueIdentifier>{71ED8ED8-ACB9-4CE9-BBE1-E00B30144E11}</UniqueIdentifier>
      <Extensions>cpp;c;cxx;moc;h;def;odl;idl;res;</Extensions>
    </Filter>
    <Filter Include="Header Files">
      <UniqueIdentifier>{93995380-89BD-4b04-88EB-625FBE52EBFB}</UniqueIdentifier>
      <Extensions>h;hpp;hxx;hm;inl;inc;xsd</Extensions>
    </Filter>
    <Filter Include="Header Files">
      <UniqueIdentifier>{93995380-89BD-4b04-88EB-625FBE52EBFB}</UniqueIdentifier>
      <Extensions>h;hpp;hxx;hm;inl;inc;xsd</Extensions>
    </Filter>
    <Filter Include="Source Files">
      <UniqueIdentifier>{4FC737F1-C7A5-4376-A066-2A32D752A2FF}</UniqueIdentifier>
      <Extensions>cpp;c;cxx;def;odl;idl;hpj;bat;asm;asmx</Extensions>
    </Filter>
    <Filter Include="Source Files">
      <UniqueIdentifier>{4FC737F1-C7A5-4376-A066-2A32D752A2FF}</UniqueIdentifier>
      <Extensions>cpp;c;cxx;def;odl;idl;hpj;bat;asm;asmx</Extensions>
    </Filter>
    <Filter Include="Generated Files\Debug">
      <UniqueIdentifier>{e5e3e9ca-87d6-4841-8a82-7cf995f33eb3}</UniqueIdentifier>
      <Extensions>cpp;moc</Extensions>
      <SourceControlFiles>False</SourceControlFiles>
    </Filter>
    <Filter Include="Generated Files\Release">
      <UniqueIdentifier>{0cc1b395-44c9-41ab-a47c-581a75e0ed6c}</UniqueIdentifier>
      <Extensions>cpp;moc</Extensions>
      <SourceControlFiles>False</SourceControlFiles>
    </Filter>
  </ItemGroup>
  <ItemGroup>
    <ClCompile Include="rasteroperations\aggregateraster.cpp">
      <Filter>Source Files</Filter>
    </ClCompile>
    <ClCompile Include="rasteroperations\classification\areanumbering.cpp">
      <Filter>Source Files</Filter>
    </ClCompile>
    <ClCompile Include="rasteroperations\classification\classifier.cpp">
      <Filter>Source Files</Filter>
    </ClCompile>
    <ClCompile Include="rasteroperations\classification\clusterraster.cpp">
      <Filter>Source Files</Filter>
    </ClCompile>
    <ClCompile Include="rasteroperations\classification\comboclassification.cpp">
      <Filter>Source Files</Filter>
    </ClCompile>
    <ClCompile Include="rasteroperations\crossrasters.cpp">
      <Filter>Source Files</Filter>
    </ClCompile>
    <ClCompile Include="rasteroperations\densifyraster.cpp">
      <Filter>Source Files</Filter>
    </ClCompile>
    <ClCompile Include="rasteroperations\distanceraster.cpp">
      <Filter>Source Files</Filter>
    </ClCompile>
    <ClCompile Include="rasteroperations\line2raster.cpp">
      <Filter>Source Files</Filter>
    </ClCompile>
    <ClCompile Include="rasteroperations\filter\linearrasterfilter.cpp">
      <Filter>Source Files</Filter>
    </ClCompile>
    <ClCompile Include="rasteroperations\mirrorrotateraster.cpp">
      <Filter>Source Files</Filter>
    </ClCompile>
    <ClCompile Include="rasteroperations\movingaverage.cpp">
      <Filter>Source Files</Filter>
    </ClCompile>
    <ClCompile Include="rasteroperations\pointtoraster.cpp">
      <Filter>Source Files</Filter>
    </ClCompile>
    <ClCompile Include="rasteroperations\polygontoraster.cpp">
      <Filter>Source Files</Filter>
    </ClCompile>
    <ClCompile Include="rasteroperations\filter\rankorderrasterfilter.cpp">
      <Filter>Source Files</Filter>
    </ClCompile>
    <ClCompile Include="rasteroperations\classification\rasterclassification.cpp">
      <Filter>Source Files</Filter>
    </ClCompile>
    <ClCompile Include="rasteroperations\rasteroperationsmodule.cpp">
      <Filter>Source Files</Filter>
    </ClCompile>
    <ClCompile Include="rasteroperations\classification\rasterslicing.cpp">
      <Filter>Source Files</Filter>
    </ClCompile>
    <ClCompile Include="rasteroperations\rasterstretchoperation.cpp">
      <Filter>Source Files</Filter>
    </ClCompile>
    <ClCompile Include="rasteroperations\filter\stackminmaxfilter.cpp">
      <Filter>Source Files</Filter>
    </ClCompile>
    <ClCompile Include="rasteroperations\filter\timesat_nrs.cpp">
      <Filter>Source Files</Filter>
    </ClCompile>
    <ClCompile Include="rasteroperations\aggregaterasterstatistics.cpp">
      <Filter>Source Files</Filter>
    </ClCompile>
  </ItemGroup>
  <ItemGroup>
    <ClInclude Include="rasteroperations\aggregateraster.h">
      <Filter>Header Files</Filter>
    </ClInclude>
    <ClInclude Include="rasteroperations\classification\areanumbering.h">
      <Filter>Header Files</Filter>
    </ClInclude>
    <ClInclude Include="rasteroperations\classification\classifier.h">
      <Filter>Header Files</Filter>
    </ClInclude>
    <ClInclude Include="rasteroperations\classification\clusterraster.h">
      <Filter>Header Files</Filter>
    </ClInclude>
    <ClInclude Include="rasteroperations\classification\comboclassification.h">
      <Filter>Header Files</Filter>
    </ClInclude>
    <ClInclude Include="rasteroperations\crossrasters.h">
      <Filter>Header Files</Filter>
    </ClInclude>
    <ClInclude Include="rasteroperations\densifyraster.h">
      <Filter>Header Files</Filter>
    </ClInclude>
    <ClInclude Include="rasteroperations\distanceraster.h">
      <Filter>Header Files</Filter>
    </ClInclude>
    <ClInclude Include="rasteroperations\line2raster.h">
      <Filter>Header Files</Filter>
    </ClInclude>
    <ClInclude Include="rasteroperations\filter\linearrasterfilter.h">
      <Filter>Header Files</Filter>
    </ClInclude>
    <ClInclude Include="rasteroperations\mirrorrotateraster.h">
      <Filter>Header Files</Filter>
    </ClInclude>
    <ClInclude Include="rasteroperations\movingaverage.h">
      <Filter>Header Files</Filter>
    </ClInclude>
    <ClInclude Include="rasteroperations\pointtoraster.h">
      <Filter>Header Files</Filter>
    </ClInclude>
    <ClInclude Include="rasteroperations\polygontoraster.h">
      <Filter>Header Files</Filter>
    </ClInclude>
    <ClInclude Include="rasteroperations\filter\rankorderrasterfilter.h">
      <Filter>Header Files</Filter>
    </ClInclude>
    <ClInclude Include="rasteroperations\classification\rasterclassification.h">
      <Filter>Header Files</Filter>
    </ClInclude>
    <QtMoc Include="rasteroperations\rasteroperationsmodule.h">
      <Filter>Header Files</Filter>
    </QtMoc>
    <ClInclude Include="rasteroperations\classification\rasterslicing.h">
      <Filter>Header Files</Filter>
    </ClInclude>
    <ClInclude Include="rasteroperations\rasterstrechoperation.h">
      <Filter>Header Files</Filter>
    </ClInclude>
    <ClInclude Include="rasteroperations\filter\stackminmaxfilter.h">
      <Filter>Header Files</Filter>
    </ClInclude>
    <ClInclude Include="rasteroperations\filter\timesat_nrs.h">
      <Filter>Header Files</Filter>
    </ClInclude>
    <ClInclude Include="rasteroperations\aggregaterasterstatistics.h">
      <Filter>Header Files</Filter>
    </ClInclude>
  </ItemGroup>
</Project>