<?xml version="1.0" encoding="utf-8"?>
<Project ToolsVersion="15.0" xmlns="http://schemas.microsoft.com/developer/msbuild/2003">
  <ItemGroup>
    <ClCompile Include="sentinelconnector\sentinelcatalogexplorer.cpp">
      <Filter>Source Files</Filter>
    </ClCompile>
    <ClCompile Include="sentinelconnector\sentinelconnectormodule.cpp">
      <Filter>Source Files</Filter>
    </ClCompile>
    <ClCompile Include="sentinelconnector\sentinelobjectfactory.cpp">
      <Filter>Source Files</Filter>
    </ClCompile>
    <ClCompile Include="sentinelconnector\sentinelrasterconnector.cpp">
      <Filter>Source Files</Filter>
    </ClCompile>
  </ItemGroup>
  <ItemGroup>
    <ClInclude Include="sentinelconnector\sentinelcatalogexplorer.h" />
    <ClInclude Include="sentinelconnector\sentinelobjectfactory.h" />
    <ClInclude Include="sentinelconnector\sentinelrasterconnector.h" />
  </ItemGroup>
  <ItemGroup>
    <QtMoc Include="sentinelconnector\sentinelconnectormodule.h" />
  </ItemGroup>
  <ItemGroup>
    <Filter Include="Source Files">
      <UniqueIdentifier>{4FC737F1-C7A5-4376-A066-2A32D752A2FF}</UniqueIdentifier>
      <Extensions>cpp;c;cc;cxx;def;odl;idl;hpj;bat;asm;asmx</Extensions>
      <ParseFiles>true</ParseFiles>
    </Filter>
  </ItemGroup>
</Project>